
Microsoft Visual Studio Solution File, Format Version 12.00
# Visual Studio Version 17
VisualStudioVersion = 17.5.33516.290
MinimumVisualStudioVersion = 10.0.40219.1
Project("{9A19103F-16F7-4668-BE54-9A1E7A4F7556}") = "INTERFACES", "INTERFACES\INTERFACES.csproj", "{BA413C75-E136-402E-BD6A-1CF326067406}"
EndProject
Project("{9A19103F-16F7-4668-BE54-9A1E7A4F7556}") = "Multpile_Inheritance", "Multpile_Inheritance\Multpile_Inheritance.csproj", "{BD3406D1-8463-459C-ADA2-B3974B19D293}"
EndProject
Project("{9A19103F-16F7-4668-BE54-9A1E7A4F7556}") = "GENERICS", "GENERICS\GENERICS.csproj", "{4EFB58CC-8941-4822-AC31-B4EBB02FA73E}"
EndProject
Project("{9A19103F-16F7-4668-BE54-9A1E7A4F7556}") = "Generic_Class", "Generic_Class\Generic_Class.csproj", "{8DE01C9F-E202-4B07-80F1-711939E12438}"
EndProject
Project("{9A19103F-16F7-4668-BE54-9A1E7A4F7556}") = "Collections", "Collections\Collections.csproj", "{51D2AB1A-B98A-4773-9E02-B2EFAD5C71F5}"
EndProject
Project("{9A19103F-16F7-4668-BE54-9A1E7A4F7556}") = "HashTableDemo", "HashTable\HashTableDemo.csproj", "{C66E63CD-E15B-489A-9339-37BBA70BF01C}"
EndProject
Project("{9A19103F-16F7-4668-BE54-9A1E7A4F7556}") = "NGStackDemo", "NGStackDemo\NGStackDemo.csproj", "{B7E3D5B0-2DD7-4445-93D1-D62269DD6D53}"
EndProject
Project("{9A19103F-16F7-4668-BE54-9A1E7A4F7556}") = "NGQueueDemo", "NGQueueDemo\NGQueueDemo.csproj", "{8C1853B8-7DC2-45CB-B738-69DA80735FED}"
EndProject
Project("{9A19103F-16F7-4668-BE54-9A1E7A4F7556}") = "List_Generic_Collection", "List_Generic_Collection\List_Generic_Collection.csproj", "{A60B94CD-55BB-40C9-86C5-C8C1FC7A8B35}"
EndProject
Project("{9A19103F-16F7-4668-BE54-9A1E7A4F7556}") = "Dictionary", "Dictionary\Dictionary.csproj", "{42A1C146-7B5B-4C16-9F7E-F64D38F899C5}"
EndProject
Project("{9A19103F-16F7-4668-BE54-9A1E7A4F7556}") = "Exception", "Exception\Exception.csproj", "{4E49EDF5-0025-49B7-A1EB-F38145EE9BE0}"
EndProject
Project("{9A19103F-16F7-4668-BE54-9A1E7A4F7556}") = "PartialClassDemo", "PartialClassDemo\PartialClassDemo.csproj", "{4EB37E5D-33AF-4478-B5A8-4ED18FF69687}"
EndProject
Project("{FAE04EC0-301F-11D3-BF4B-00C04F79EFBC}") = "RulesPartialClass", "RulesPartialClass\RulesPartialClass.csproj", "{2793125F-705E-480C-9C2E-F9A3BC603C08}"
EndProject
Project("{FAE04EC0-301F-11D3-BF4B-00C04F79EFBC}") = "ParamsDemo", "ParamsDemo\ParamsDemo.csproj", "{0B08AAF9-81BD-4114-B2A1-66695987FEDF}"
EndProject
Project("{FAE04EC0-301F-11D3-BF4B-00C04F79EFBC}") = "StringAndStringBuilder", "StringAndStringBuilder\StringAndStringBuilder.csproj", "{71F2A982-BE47-4B78-8EC0-6EFA6FCDDD3C}"
EndProject
Global
	GlobalSection(SolutionConfigurationPlatforms) = preSolution
		Debug|Any CPU = Debug|Any CPU
		Release|Any CPU = Release|Any CPU
	EndGlobalSection
	GlobalSection(ProjectConfigurationPlatforms) = postSolution
		{BA413C75-E136-402E-BD6A-1CF326067406}.Debug|Any CPU.ActiveCfg = Debug|Any CPU
		{BA413C75-E136-402E-BD6A-1CF326067406}.Debug|Any CPU.Build.0 = Debug|Any CPU
		{BA413C75-E136-402E-BD6A-1CF326067406}.Release|Any CPU.ActiveCfg = Release|Any CPU
		{BA413C75-E136-402E-BD6A-1CF326067406}.Release|Any CPU.Build.0 = Release|Any CPU
		{BD3406D1-8463-459C-ADA2-B3974B19D293}.Debug|Any CPU.ActiveCfg = Debug|Any CPU
		{BD3406D1-8463-459C-ADA2-B3974B19D293}.Debug|Any CPU.Build.0 = Debug|Any CPU
		{BD3406D1-8463-459C-ADA2-B3974B19D293}.Release|Any CPU.ActiveCfg = Release|Any CPU
		{BD3406D1-8463-459C-ADA2-B3974B19D293}.Release|Any CPU.Build.0 = Release|Any CPU
		{4EFB58CC-8941-4822-AC31-B4EBB02FA73E}.Debug|Any CPU.ActiveCfg = Debug|Any CPU
		{4EFB58CC-8941-4822-AC31-B4EBB02FA73E}.Debug|Any CPU.Build.0 = Debug|Any CPU
		{4EFB58CC-8941-4822-AC31-B4EBB02FA73E}.Release|Any CPU.ActiveCfg = Release|Any CPU
		{4EFB58CC-8941-4822-AC31-B4EBB02FA73E}.Release|Any CPU.Build.0 = Release|Any CPU
		{8DE01C9F-E202-4B07-80F1-711939E12438}.Debug|Any CPU.ActiveCfg = Debug|Any CPU
		{8DE01C9F-E202-4B07-80F1-711939E12438}.Debug|Any CPU.Build.0 = Debug|Any CPU
		{8DE01C9F-E202-4B07-80F1-711939E12438}.Release|Any CPU.ActiveCfg = Release|Any CPU
		{8DE01C9F-E202-4B07-80F1-711939E12438}.Release|Any CPU.Build.0 = Release|Any CPU
		{51D2AB1A-B98A-4773-9E02-B2EFAD5C71F5}.Debug|Any CPU.ActiveCfg = Debug|Any CPU
		{51D2AB1A-B98A-4773-9E02-B2EFAD5C71F5}.Debug|Any CPU.Build.0 = Debug|Any CPU
		{51D2AB1A-B98A-4773-9E02-B2EFAD5C71F5}.Release|Any CPU.ActiveCfg = Release|Any CPU
		{51D2AB1A-B98A-4773-9E02-B2EFAD5C71F5}.Release|Any CPU.Build.0 = Release|Any CPU
		{C66E63CD-E15B-489A-9339-37BBA70BF01C}.Debug|Any CPU.ActiveCfg = Debug|Any CPU
		{C66E63CD-E15B-489A-9339-37BBA70BF01C}.Debug|Any CPU.Build.0 = Debug|Any CPU
		{C66E63CD-E15B-489A-9339-37BBA70BF01C}.Release|Any CPU.ActiveCfg = Release|Any CPU
		{C66E63CD-E15B-489A-9339-37BBA70BF01C}.Release|Any CPU.Build.0 = Release|Any CPU
		{B7E3D5B0-2DD7-4445-93D1-D62269DD6D53}.Debug|Any CPU.ActiveCfg = Debug|Any CPU
		{B7E3D5B0-2DD7-4445-93D1-D62269DD6D53}.Debug|Any CPU.Build.0 = Debug|Any CPU
		{B7E3D5B0-2DD7-4445-93D1-D62269DD6D53}.Release|Any CPU.ActiveCfg = Release|Any CPU
		{B7E3D5B0-2DD7-4445-93D1-D62269DD6D53}.Release|Any CPU.Build.0 = Release|Any CPU
		{8C1853B8-7DC2-45CB-B738-69DA80735FED}.Debug|Any CPU.ActiveCfg = Debug|Any CPU
		{8C1853B8-7DC2-45CB-B738-69DA80735FED}.Debug|Any CPU.Build.0 = Debug|Any CPU
		{8C1853B8-7DC2-45CB-B738-69DA80735FED}.Release|Any CPU.ActiveCfg = Release|Any CPU
		{8C1853B8-7DC2-45CB-B738-69DA80735FED}.Release|Any CPU.Build.0 = Release|Any CPU
		{A60B94CD-55BB-40C9-86C5-C8C1FC7A8B35}.Debug|Any CPU.ActiveCfg = Debug|Any CPU
		{A60B94CD-55BB-40C9-86C5-C8C1FC7A8B35}.Debug|Any CPU.Build.0 = Debug|Any CPU
		{A60B94CD-55BB-40C9-86C5-C8C1FC7A8B35}.Release|Any CPU.ActiveCfg = Release|Any CPU
		{A60B94CD-55BB-40C9-86C5-C8C1FC7A8B35}.Release|Any CPU.Build.0 = Release|Any CPU
		{42A1C146-7B5B-4C16-9F7E-F64D38F899C5}.Debug|Any CPU.ActiveCfg = Debug|Any CPU
		{42A1C146-7B5B-4C16-9F7E-F64D38F899C5}.Debug|Any CPU.Build.0 = Debug|Any CPU
		{42A1C146-7B5B-4C16-9F7E-F64D38F899C5}.Release|Any CPU.ActiveCfg = Release|Any CPU
		{42A1C146-7B5B-4C16-9F7E-F64D38F899C5}.Release|Any CPU.Build.0 = Release|Any CPU
		{4E49EDF5-0025-49B7-A1EB-F38145EE9BE0}.Debug|Any CPU.ActiveCfg = Debug|Any CPU
		{4E49EDF5-0025-49B7-A1EB-F38145EE9BE0}.Debug|Any CPU.Build.0 = Debug|Any CPU
		{4E49EDF5-0025-49B7-A1EB-F38145EE9BE0}.Release|Any CPU.ActiveCfg = Release|Any CPU
		{4E49EDF5-0025-49B7-A1EB-F38145EE9BE0}.Release|Any CPU.Build.0 = Release|Any CPU
		{4EB37E5D-33AF-4478-B5A8-4ED18FF69687}.Debug|Any CPU.ActiveCfg = Debug|Any CPU
		{4EB37E5D-33AF-4478-B5A8-4ED18FF69687}.Debug|Any CPU.Build.0 = Debug|Any CPU
		{4EB37E5D-33AF-4478-B5A8-4ED18FF69687}.Release|Any CPU.ActiveCfg = Release|Any CPU
		{4EB37E5D-33AF-4478-B5A8-4ED18FF69687}.Release|Any CPU.Build.0 = Release|Any CPU
		{2793125F-705E-480C-9C2E-F9A3BC603C08}.Debug|Any CPU.ActiveCfg = Debug|Any CPU
		{2793125F-705E-480C-9C2E-F9A3BC603C08}.Debug|Any CPU.Build.0 = Debug|Any CPU
		{2793125F-705E-480C-9C2E-F9A3BC603C08}.Release|Any CPU.ActiveCfg = Release|Any CPU
		{2793125F-705E-480C-9C2E-F9A3BC603C08}.Release|Any CPU.Build.0 = Release|Any CPU
		{0B08AAF9-81BD-4114-B2A1-66695987FEDF}.Debug|Any CPU.ActiveCfg = Debug|Any CPU
		{0B08AAF9-81BD-4114-B2A1-66695987FEDF}.Debug|Any CPU.Build.0 = Debug|Any CPU
		{0B08AAF9-81BD-4114-B2A1-66695987FEDF}.Release|Any CPU.ActiveCfg = Release|Any CPU
		{0B08AAF9-81BD-4114-B2A1-66695987FEDF}.Release|Any CPU.Build.0 = Release|Any CPU
		{71F2A982-BE47-4B78-8EC0-6EFA6FCDDD3C}.Debug|Any CPU.ActiveCfg = Debug|Any CPU
		{71F2A982-BE47-4B78-8EC0-6EFA6FCDDD3C}.Debug|Any CPU.Build.0 = Debug|Any CPU
		{71F2A982-BE47-4B78-8EC0-6EFA6FCDDD3C}.Release|Any CPU.ActiveCfg = Release|Any CPU
		{71F2A982-BE47-4B78-8EC0-6EFA6FCDDD3C}.Release|Any CPU.Build.0 = Release|Any CPU
	EndGlobalSection
	GlobalSection(SolutionProperties) = preSolution
		HideSolutionNode = FALSE
	EndGlobalSection
	GlobalSection(ExtensibilityGlobals) = postSolution
		SolutionGuid = {D7A7DBD0-2339-49E8-8EA1-3D69A0CC60A5}
	EndGlobalSection
EndGlobal
