
Microsoft Visual Studio Solution File, Format Version 12.00
# Visual Studio Version 17
VisualStudioVersion = 17.5.33516.290
MinimumVisualStudioVersion = 10.0.40219.1
Project("{FAE04EC0-301F-11D3-BF4B-00C04F79EFBC}") = "INTERFACES", "INTERFACES\INTERFACES.csproj", "{BA413C75-E136-402E-BD6A-1CF326067406}"
EndProject
Project("{FAE04EC0-301F-11D3-BF4B-00C04F79EFBC}") = "Multpile_Inheritance", "Multpile_Inheritance\Multpile_Inheritance.csproj", "{BD3406D1-8463-459C-ADA2-B3974B19D293}"
EndProject
Project("{FAE04EC0-301F-11D3-BF4B-00C04F79EFBC}") = "GENERICS", "GENERICS\GENERICS.csproj", "{4EFB58CC-8941-4822-AC31-B4EBB02FA73E}"
EndProject
Project("{FAE04EC0-301F-11D3-BF4B-00C04F79EFBC}") = "Generic_Class", "Generic_Class\Generic_Class.csproj", "{8DE01C9F-E202-4B07-80F1-711939E12438}"
EndProject
Project("{FAE04EC0-301F-11D3-BF4B-00C04F79EFBC}") = "Collections", "Collections\Collections.csproj", "{51D2AB1A-B98A-4773-9E02-B2EFAD5C71F5}"
EndProject
Project("{FAE04EC0-301F-11D3-BF4B-00C04F79EFBC}") = "HashTableDemo", "HashTable\HashTableDemo.csproj", "{C66E63CD-E15B-489A-9339-37BBA70BF01C}"
EndProject
Global
	GlobalSection(SolutionConfigurationPlatforms) = preSolution
		Debug|Any CPU = Debug|Any CPU
		Release|Any CPU = Release|Any CPU
	EndGlobalSection
	GlobalSection(ProjectConfigurationPlatforms) = postSolution
		{BA413C75-E136-402E-BD6A-1CF326067406}.Debug|Any CPU.ActiveCfg = Debug|Any CPU
		{BA413C75-E136-402E-BD6A-1CF326067406}.Debug|Any CPU.Build.0 = Debug|Any CPU
		{BA413C75-E136-402E-BD6A-1CF326067406}.Release|Any CPU.ActiveCfg = Release|Any CPU
		{BA413C75-E136-402E-BD6A-1CF326067406}.Release|Any CPU.Build.0 = Release|Any CPU
		{BD3406D1-8463-459C-ADA2-B3974B19D293}.Debug|Any CPU.ActiveCfg = Debug|Any CPU
		{BD3406D1-8463-459C-ADA2-B3974B19D293}.Debug|Any CPU.Build.0 = Debug|Any CPU
		{BD3406D1-8463-459C-ADA2-B3974B19D293}.Release|Any CPU.ActiveCfg = Release|Any CPU
		{BD3406D1-8463-459C-ADA2-B3974B19D293}.Release|Any CPU.Build.0 = Release|Any CPU
		{4EFB58CC-8941-4822-AC31-B4EBB02FA73E}.Debug|Any CPU.ActiveCfg = Debug|Any CPU
		{4EFB58CC-8941-4822-AC31-B4EBB02FA73E}.Debug|Any CPU.Build.0 = Debug|Any CPU
		{4EFB58CC-8941-4822-AC31-B4EBB02FA73E}.Release|Any CPU.ActiveCfg = Release|Any CPU
		{4EFB58CC-8941-4822-AC31-B4EBB02FA73E}.Release|Any CPU.Build.0 = Release|Any CPU
		{8DE01C9F-E202-4B07-80F1-711939E12438}.Debug|Any CPU.ActiveCfg = Debug|Any CPU
		{8DE01C9F-E202-4B07-80F1-711939E12438}.Debug|Any CPU.Build.0 = Debug|Any CPU
		{8DE01C9F-E202-4B07-80F1-711939E12438}.Release|Any CPU.ActiveCfg = Release|Any CPU
		{8DE01C9F-E202-4B07-80F1-711939E12438}.Release|Any CPU.Build.0 = Release|Any CPU
		{51D2AB1A-B98A-4773-9E02-B2EFAD5C71F5}.Debug|Any CPU.ActiveCfg = Debug|Any CPU
		{51D2AB1A-B98A-4773-9E02-B2EFAD5C71F5}.Debug|Any CPU.Build.0 = Debug|Any CPU
		{51D2AB1A-B98A-4773-9E02-B2EFAD5C71F5}.Release|Any CPU.ActiveCfg = Release|Any CPU
		{51D2AB1A-B98A-4773-9E02-B2EFAD5C71F5}.Release|Any CPU.Build.0 = Release|Any CPU
		{C66E63CD-E15B-489A-9339-37BBA70BF01C}.Debug|Any CPU.ActiveCfg = Debug|Any CPU
		{C66E63CD-E15B-489A-9339-37BBA70BF01C}.Debug|Any CPU.Build.0 = Debug|Any CPU
		{C66E63CD-E15B-489A-9339-37BBA70BF01C}.Release|Any CPU.ActiveCfg = Release|Any CPU
		{C66E63CD-E15B-489A-9339-37BBA70BF01C}.Release|Any CPU.Build.0 = Release|Any CPU
	EndGlobalSection
	GlobalSection(SolutionProperties) = preSolution
		HideSolutionNode = FALSE
	EndGlobalSection
	GlobalSection(ExtensibilityGlobals) = postSolution
		SolutionGuid = {D7A7DBD0-2339-49E8-8EA1-3D69A0CC60A5}
	EndGlobalSection
EndGlobal
